// !$*UTF8*$!
{
	archiveVersion = 1;
	classes = {
	};
	objectVersion = 50;
	objects = {

/* Begin PBXBuildFile section */
		1A1A1A1A1A1A1A1A1A1A1A1A /* AppDelegate.swift in Sources */ = {isa = PBXBuildFile; fileRef = 2A2A2A2A2A2A2A2A2A2A2A2A /* AppDelegate.swift */; };
		1A1A1A1A1A1A1A1A1A1A1A1B /* SceneDelegate.swift in Sources */ = {isa = PBXBuildFile; fileRef = 2A2A2A2A2A2A2A2A2A2A2A2B /* SceneDelegate.swift */; };
		1A1A1A1A1A1A1A1A1A1A1A1C /* GameScene.swift in Sources */ = {isa = PBXBuildFile; fileRef = 2A2A2A2A2A2A2A2A2A2A2A2C /* GameScene.swift */; };
		1A1A1A1A1A1A1A1A1A1A1A1D /* GameViewController.swift in Sources */ = {isa = PBXBuildFile; fileRef = 2A2A2A2A2A2A2A2A2A2A2A2D /* GameViewController.swift */; };
		1A1A1A1A1A1A1A1A1A1A1A1E /* SoundManager.swift in Sources */ = {isa = PBXBuildFile; fileRef = 2A2A2A2A2A2A2A2A2A2A2A2E /* SoundManager.swift */; };
		1A1A1A1A1A1A1A1A1A1A1A1F /* GameSceneUpdate.swift in Sources */ = {isa = PBXBuildFile; fileRef = 2A2A2A2A2A2A2A2A2A2A2A2F /* GameSceneUpdate.swift */; };
		1A1A1A1A1A1A1A1A1A1A1A20 /* UIImplementation.swift in Sources */ = {isa = PBXBuildFile; fileRef = 2A2A2A2A2A2A2A2A2A2A2A30 /* UIImplementation.swift */; };
		1A1A1A1A1A1A1A1A1A1A1A21 /* MultiplayerImplementation.swift in Sources */ = {isa = PBXBuildFile; fileRef = 2A2A2A2A2A2A2A2A2A2A2A31 /* MultiplayerImplementation.swift */; };
		1A1A1A1A1A1A1A1A1A1A1A22 /* GameRefinementUpdate.swift in Sources */ = {isa = PBXBuildFile; fileRef = 2A2A2A2A2A2A2A2A2A2A2A32 /* GameRefinementUpdate.swift */; };
/* End PBXBuildFile section */

/* Begin PBXFileReference section */
		2A2A2A2A2A2A2A2A2A2A2A2A /* AppDelegate.swift */ = {isa = PBXFileReference; lastKnownFileType = sourcecode.swift; path = AppDelegate.swift; sourceTree = "<group>"; };
		2A2A2A2A2A2A2A2A2A2A2A2B /* SceneDelegate.swift */ = {isa = PBXFileReference; lastKnownFileType = sourcecode.swift; path = SceneDelegate.swift; sourceTree = "<group>"; };
		2A2A2A2A2A2A2A2A2A2A2A2C /* GameScene.swift */ = {isa = PBXFileReference; lastKnownFileType = sourcecode.swift; path = GameScene.swift; sourceTree = "<group>"; };
		2A2A2A2A2A2A2A2A2A2A2A2D /* GameViewController.swift */ = {isa = PBXFileReference; lastKnownFileType = sourcecode.swift; path = GameViewController.swift; sourceTree = "<group>"; };
		2A2A2A2A2A2A2A2A2A2A2A2E /* SoundManager.swift */ = {isa = PBXFileReference; lastKnownFileType = sourcecode.swift; path = SoundManager.swift; sourceTree = "<group>"; };
		2A2A2A2A2A2A2A2A2A2A2A2F /* GameSceneUpdate.swift */ = {isa = PBXFileReference; lastKnownFileType = sourcecode.swift; path = GameSceneUpdate.swift; sourceTree = "<group>"; };
		2A2A2A2A2A2A2A2A2A2A2A30 /* UIImplementation.swift */ = {isa = PBXFileReference; lastKnownFileType = sourcecode.swift; path = UIImplementation.swift; sourceTree = "<group>"; };
		2A2A2A2A2A2A2A2A2A2A2A31 /* MultiplayerImplementation.swift */ = {isa = PBXFileReference; lastKnownFileType = sourcecode.swift; path = MultiplayerImplementation.swift; sourceTree = "<group>"; };
		2A2A2A2A2A2A2A2A2A2A2A32 /* GameRefinementUpdate.swift */ = {isa = PBXFileReference; lastKnownFileType = sourcecode.swift; path = GameRefinementUpdate.swift; sourceTree = "<group>"; };
		3A3A3A3A3A3A3A3A3A3A3A3A /* FloppyDuck.app */ = {isa = PBXFileReference; explicitFileType = wrapper.application; includeInIndex = 0; path = FloppyDuck.app; sourceTree = BUILT_PRODUCTS_DIR; };
		3A3A3A3A3A3A3A3A3A3A3A3B /* Info.plist */ = {isa = PBXFileReference; lastKnownFileType = text.plist.xml; path = Info.plist; sourceTree = "<group>"; };
/* End PBXFileReference section */

/* Begin PBXFrameworksBuildPhase section */
		4A4A4A4A4A4A4A4A4A4A4A4A /* Frameworks */ = {
			isa = PBXFrameworksBuildPhase;
			buildActionMask = 2147483647;
			files = (
			);
			runOnlyForDeploymentPostprocessing = 0;
		};
/* End PBXFrameworksBuildPhase section */

/* Begin PBXGroup section */
		5A5A5A5A5A5A5A5A5A5A5A5A = {
			isa = PBXGroup;
			children = (
				6A6A6A6A6A6A6A6A6A6A6A6A /* Sources */,
				7A7A7A7A7A7A7A7A7A7A7A7A /* Products */,
			);
			sourceTree = "<group>";
		};
		6A6A6A6A6A6A6A6A6A6A6A6A /* Sources */ = {
			isa = PBXGroup;
			children = (
				2A2A2A2A2A2A2A2A2A2A2A2A /* AppDelegate.swift */,
				2A2A2A2A2A2A2A2A2A2A2A2B /* SceneDelegate.swift */,
				2A2A2A2A2A2A2A2A2A2A2A2C /* GameScene.swift */,
				2A2A2A2A2A2A2A2A2A2A2A2D /* GameViewController.swift */,
				2A2A2A2A2A2A2A2A2A2A2A2E /* SoundManager.swift */,
				2A2A2A2A2A2A2A2A2A2A2A2F /* GameSceneUpdate.swift */,
				2A2A2A2A2A2A2A2A2A2A2A30 /* UIImplementation.swift */,
				2A2A2A2A2A2A2A2A2A2A2A31 /* MultiplayerImplementation.swift */,
				2A2A2A2A2A2A2A2A2A2A2A32 /* GameRefinementUpdate.swift */,
				3A3A3A3A3A3A3A3A3A3A3A3B /* Info.plist */,
			);
			path = Sources;
			sourceTree = "<group>";
		};
		7A7A7A7A7A7A7A7A7A7A7A7A /* Products */ = {
			isa = PBXGroup;
			children = (
				3A3A3A3A3A3A3A3A3A3A3A3A /* FloppyDuck.app */,
			);
			name = Products;
			sourceTree = "<group>";
		};
/* End PBXGroup section */

/* Begin PBXNativeTarget section */
		8A8A8A8A8A8A8A8A8A8A8A8A /* FloppyDuck */ = {
			isa = PBXNativeTarget;
			buildConfigurationList = 9A9A9A9A9A9A9A9A9A9A9A9A /* Build configuration list for PBXNativeTarget "FloppyDuck" */;
			buildPhases = (
				AAAAAAAAAAAAAAAAAAAAAA /* Sources */,
				4A4A4A4A4A4A4A4A4A4A4A4A /* Frameworks */,
			);
			buildRules = (
			);
			dependencies = (
			);
			name = FloppyDuck;
			productName = FloppyDuck;
			productReference = 3A3A3A3A3A3A3A3A3A3A3A3A /* FloppyDuck.app */;
			productType = "com.apple.product-type.application";
		};
/* End PBXNativeTarget section */

/* Begin PBXProject section */
		BABABABABABABABABABABA /* Project object */ = {
			isa = PBXProject;
			attributes = {
				LastSwiftUpdateCheck = 1200;
				LastUpgradeCheck = 1200;
				ORGANIZATIONNAME = "Floppy Duck";
				TargetAttributes = {
					8A8A8A8A8A8A8A8A8A8A8A8A = {
						CreatedOnToolsVersion = 12.0;
					};
				};
			};
			buildConfigurationList = CACACACACACACACACACACACA /* Build configuration list for PBXProject "FloppyDuck" */;
			compatibilityVersion = "Xcode 9.3";
			developmentRegion = en;
			hasScannedForEncodings = 0;
			knownRegions = (
				en,
				Base,
			);
			mainGroup = 5A5A5A5A5A5A5A5A5A5A5A5A;
			productRefGroup = 7A7A7A7A7A7A7A7A7A7A7A7A /* Products */;
			projectDirPath = "";
			projectRoot = "";
			targets = (
				8A8A8A8A8A8A8A8A8A8A8A8A /* FloppyDuck */,
			);
		};
/* End PBXProject section */

/* Begin PBXSourcesBuildPhase section */
		AAAAAAAAAAAAAAAAAAAAAA /* Sources */ = {
			isa = PBXSourcesBuildPhase;
			buildActionMask = 2147483647;
			files = (
				1A1A1A1A1A1A1A1A1A1A1A1C /* GameScene.swift in Sources */,
				1A1A1A1A1A1A1A1A1A1A1A1D /* GameViewController.swift in Sources */,
				1A1A1A1A1A1A1A1A1A1A1A1A /* AppDelegate.swift in Sources */,
				1A1A1A1A1A1A1A1A1A1A1A1E /* SoundManager.swift in Sources */,
				1A1A1A1A1A1A1A1A1A1A1A1F /* GameSceneUpdate.swift in Sources */,
				1A1A1A1A1A1A1A1A1A1A1A20 /* UIImplementation.swift in Sources */,
				1A1A1A1A1A1A1A1A1A1A1A21 /* MultiplayerImplementation.swift in Sources */,
				1A1A1A1A1A1A1A1A1A1A1A22 /* GameRefinementUpdate.swift in Sources */,
				1A1A1A1A1A1A1A1A1A1A1A1B /* SceneDelegate.swift in Sources */,
			);
			runOnlyForDeploymentPostprocessing = 0;
		};
/* End PBXSourcesBuildPhase section */

/* Begin XCBuildConfiguration section */
		DADADADADADADADADADADADA /* Debug */ = {
			isa = XCBuildConfiguration;
			buildSettings = {
				ALWAYS_SEARCH_USER_PATHS = NO;
				CLANG_ANALYZER_NONNULL = YES;
				CLANG_ANALYZER_NUMBER_OBJECT_CONVERSION = YES_AGGRESSIVE;
				CLANG_CXX_LANGUAGE_STANDARD = "gnu++14";
				CLANG_CXX_LIBRARY = "libc++";
				CLANG_ENABLE_MODULES = YES;
				CLANG_ENABLE_OBJC_ARC = YES;
				CLANG_ENABLE_OBJC_WEAK = YES;
				CLANG_WARN_BLOCK_CAPTURE_AUTORELEASING = YES;
				CLANG_WARN_BOOL_CONVERSION = YES;
				CLANG_WARN_COMMA = YES;
				CLANG_WARN_CONSTANT_CONVERSION = YES;
				CLANG_WARN_DEPRECATED_OBJC_IMPLEMENTATIONS = YES;
				CLANG_WARN_DIRECT_OBJC_ISA_USAGE = YES_ERROR;
				CLANG_WARN_DOCUMENTATION_COMMENTS = YES;
				CLANG_WARN_EMPTY_BODY = YES;
				CLANG_WARN_ENUM_CONVERSION = YES;
				CLANG_WARN_INFINITE_RECURSION = YES;
				CLANG_WARN_INT_CONVERSION = YES;
				CLANG_WARN_NON_LITERAL_NULL_CONVERSION = YES;
				CLANG_WARN_OBJC_IMPLICIT_RETAIN_SELF = YES;
				CLANG_WARN_OBJC_LITERAL_CONVERSION = YES;
				CLANG_WARN_OBJC_ROOT_CLASS = YES_ERROR;
				CLANG_WARN_QUOTED_INCLUDE_IN_FRAMEWORK_HEADER = YES;
				CLANG_WARN_RANGE_LOOP_ANALYSIS = YES;
				CLANG_WARN_STRICT_PROTOTYPES = YES;
				CLANG_WARN_SUSPICIOUS_MOVE = YES;
				CLANG_WARN_UNGUARDED_AVAILABILITY = YES_AGGRESSIVE;
				CLANG_WARN_UNREACHABLE_CODE = YES;
				CLANG_WARN__DUPLICATE_METHOD_MATCH = YES;
				COPY_PHASE_STRIP = NO;
				DEBUG_INFORMATION_FORMAT = dwarf;
				ENABLE_STRICT_OBJC_MSGSEND = YES;
				ENABLE_TESTABILITY = YES;
				GCC_C_LANGUAGE_STANDARD = gnu11;
				GCC_DYNAMIC_NO_PIC = NO;
				GCC_NO_COMMON_BLOCKS = YES;
				GCC_OPTIMIZATION_LEVEL = 0;
				GCC_PREPROCESSOR_DEFINITIONS = (
					"DEBUG=1",
					"$(inherited)",
				);
				GCC_WARN_64_TO_32_BIT_CONVERSION = YES;
				GCC_WARN_ABOUT_RETURN_TYPE = YES_ERROR;
				GCC_WARN_UNDECLARED_SELECTOR = YES;
				GCC_WARN_UNINITIALIZED_AUTOS = YES_AGGRESSIVE;
				GCC_WARN_UNUSED_FUNCTION = YES;
				GCC_WARN_UNUSED_VARIABLE = YES;
				IPHONEOS_DEPLOYMENT_TARGET = 14.0;
				MTL_ENABLE_DEBUG_INFO = INCLUDE_SOURCE;
				MTL_FAST_MATH = YES;
				ONLY_ACTIVE_ARCH = YES;
				SDKROOT = iphoneos;
				SWIFT_ACTIVE_COMPILATION_CONDITIONS = DEBUG;
				SWIFT_OPTIMIZATION_LEVEL = "-Onone";
			};
			name = Debug;
		};
		DADADADADADADADADADADADB /* Release */ = {
			isa = XCBuildConfiguration;
			buildSettings = {
				ALWAYS_SEARCH_USER_PATHS = NO;
				CLANG_ANALYZER_NONNULL = YES;
				CLANG_ANALYZER_NUMBER_OBJECT_CONVERSION = YES_AGGRESSIVE;
				CLANG_CXX_LANGUAGE_STANDARD = "gnu++14";
				CLANG_CXX_LIBRARY = "libc++";
				CLANG_ENABLE_MODULES = YES;
				CLANG_ENABLE_OBJC_ARC = YES;
				CLANG_ENABLE_OBJC_WEAK = YES;
				CLANG_WARN_BLOCK_CAPTURE_AUTORELEASING = YES;
				CLANG_WARN_BOOL_CONVERSION = YES;
				CLANG_WARN_COMMA = YES;
				CLANG_WARN_CONSTANT_CONVERSION = YES;
				CLANG_WARN_DEPRECATED_OBJC_IMPLEMENTATIONS = YES;
				CLANG_WARN_DIRECT_OBJC_ISA_USAGE = YES_ERROR;
				CLANG_WARN_DOCUMENTATION_COMMENTS = YES;
				CLANG_WARN_EMPTY_BODY = YES;
				CLANG_WARN_ENUM_CONVERSION = YES;
				CLANG_WARN_INFINITE_RECURSION = YES;
				CLANG_WARN_INT_CONVERSION = YES;
				CLANG_WARN_NON_LITERAL_NULL_CONVERSION = YES;
				CLANG_WARN_OBJC_IMPLICIT_RETAIN_SELF = YES;
				CLANG_WARN_OBJC_LITERAL_CONVERSION = YES;
				CLANG_WARN_OBJC_ROOT_CLASS = YES_ERROR;
				CLANG_WARN_QUOTED_INCLUDE_IN_FRAMEWORK_HEADER = YES;
				CLANG_WARN_RANGE_LOOP_ANALYSIS = YES;
				CLANG_WARN_STRICT_PROTOTYPES = YES;
				CLANG_WARN_SUSPICIOUS_MOVE = YES;
				CLANG_WARN_UNGUARDED_AVAILABILITY = YES_AGGRESSIVE;
				CLANG_WARN_UNREACHABLE_CODE = YES;
				CLANG_WARN__DUPLICATE_METHOD_MATCH = YES;
				COPY_PHASE_STRIP = NO;
				DEBUG_INFORMATION_FORMAT = "dwarf-with-dsym";
				ENABLE_NS_ASSERTIONS = NO;
				ENABLE_STRICT_OBJC_MSGSEND = YES;
				GCC_C_LANGUAGE_STANDARD = gnu11;
				GCC_NO_COMMON_BLOCKS = YES;
				GCC_WARN_64_TO_32_BIT_CONVERSION = YES;
				GCC_WARN_ABOUT_RETURN_TYPE = YES_ERROR;
				GCC_WARN_UNDECLARED_SELECTOR = YES;
				GCC_WARN_UNINITIALIZED_AUTOS = YES_AGGRESSIVE;
				GCC_WARN_UNUSED_FUNCTION = YES;
				GCC_WARN_UNUSED_VARIABLE = YES;
				IPHONEOS_DEPLOYMENT_TARGET = 14.0;
				MTL_ENABLE_DEBUG_INFO = NO;
				MTL_FAST_MATH = YES;
				SDKROOT = iphoneos;
				SWIFT_COMPILATION_MODE = wholemodule;
				SWIFT_OPTIMIZATION_LEVEL = "-O";
				VALIDATE_PRODUCT = YES;
			};
			name = Release;
		};
		EAEAEAEAEAEAEAEAEAEAEAEA /* Debug */ = {
			isa = XCBuildConfiguration;
			buildSettings = {
				ASSETCATALOG_COMPILER_APPICON_NAME = AppIcon;
				ASSETCATALOG_COMPILER_GLOBAL_ACCENT_COLOR_NAME = AccentColor;
				CODE_SIGN_STYLE = Automatic;
				DEVELOPMENT_TEAM = "";
				INFOPLIST_FILE = Sources/Info.plist;
				LD_RUNPATH_SEARCH_PATHS = (
					"$(inherited)",
					"@executable_path/Frameworks",
				);
				PRODUCT_BUNDLE_IDENTIFIER = com.example.FloppyDuck;
				PRODUCT_NAME = "$(TARGET_NAME)";
				SWIFT_VERSION = 5.0;
				TARGETED_DEVICE_FAMILY = "1,2";
			};
			name = Debug;
		};
		EAEAEAEAEAEAEAEAEAEAEAEAB /* Release */ = {
			isa = XCBuildConfiguration;
			buildSettings = {
				ASSETCATALOG_COMPILER_APPICON_NAME = AppIcon;
				ASSETCATALOG_COMPILER_GLOBAL_ACCENT_COLOR_NAME = AccentColor;
				CODE_SIGN_STYLE = Automatic;
				DEVELOPMENT_TEAM = "";
				INFOPLIST_FILE = Sources/Info.plist;
				LD_RUNPATH_SEARCH_PATHS = (
					"$(inherited)",
					"@executable_path/Frameworks",
				);
				PRODUCT_BUNDLE_IDENTIFIER = com.example.FloppyDuck;
				PRODUCT_NAME = "$(TARGET_NAME)";
				SWIFT_VERSION = 5.0;
				TARGETED_DEVICE_FAMILY = "1,2";
			};
			name = Release;
		};
/* End XCBuildConfiguration section */

/* Begin XCConfigurationList section */
		9A9A9A9A9A9A9A9A9A9A9A9A /* Build configuration list for PBXNativeTarget "FloppyDuck" */ = {
			isa = XCConfigurationList;
			buildConfigurations = (
				EAEAEAEAEAEAEAEAEAEAEAEA /* Debug */,
				EAEAEAEAEAEAEAEAEAEAEAEAB /* Release */,
			);
			defaultConfigurationIsVisible = 0;
			defaultConfigurationName = Release;
		};
		CACACACACACACACACACACACA /* Build configuration list for PBXProject "FloppyDuck" */ = {
			isa = XCConfigurationList;
			buildConfigurations = (
				DADADADADADADADADADADADA /* Debug */,
				DADADADADADADADADADADADB /* Release */,
			);
			defaultConfigurationIsVisible = 0;
			defaultConfigurationName = Release;
		};
/* End XCConfigurationList section */
	};
	rootObject = BABABABABABABABABABABA /* Project object */;
} 